
Microsoft Visual Studio Solution File, Format Version 12.00
# Visual Studio Version 17
VisualStudioVersion = 17.4.33205.214
MinimumVisualStudioVersion = 10.0.40219.1
Project("{9A19103F-16F7-4668-BE54-9A1E7A4F7556}") = "ProEventos.API", "ProEventos.API\ProEventos.API.csproj", "{1318B733-39F0-4E7F-AF05-19234790841B}"
EndProject
Global
	GlobalSection(SolutionConfigurationPlatforms) = preSolution
		Debug|Any CPU = Debug|Any CPU
		Release|Any CPU = Release|Any CPU
	EndGlobalSection
	GlobalSection(ProjectConfigurationPlatforms) = postSolution
		{1318B733-39F0-4E7F-AF05-19234790841B}.Debug|Any CPU.ActiveCfg = Debug|Any CPU
		{1318B733-39F0-4E7F-AF05-19234790841B}.Debug|Any CPU.Build.0 = Debug|Any CPU
		{1318B733-39F0-4E7F-AF05-19234790841B}.Release|Any CPU.ActiveCfg = Release|Any CPU
		{1318B733-39F0-4E7F-AF05-19234790841B}.Release|Any CPU.Build.0 = Release|Any CPU
	EndGlobalSection
	GlobalSection(SolutionProperties) = preSolution
		HideSolutionNode = FALSE
	EndGlobalSection
	GlobalSection(ExtensibilityGlobals) = postSolution
		SolutionGuid = {70C305D6-D51C-4FED-9DC3-0FF06C31B03B}
	EndGlobalSection
EndGlobal
